{
    "name": "kivy-vscode",
    "version": "0.5.5",
    "lockfileVersion": 1,
    "requires": true,
    "dependencies": {
        "@types/chai": {
            "version": "4.3.16",
            "resolved": "https://registry.npmjs.org/@types/chai/-/chai-4.3.16.tgz",
            "integrity": "sha512-PatH4iOdyh3MyWtmHVFXLWCCIhUbopaltqddG9BzB+gMIzee2MJrvd+jouii9Z3wzQJruGWAm7WOMjgfG8hQlQ==",
            "dev": true
        },
        "@types/mocha": {
            "version": "10.0.7",
            "resolved": "https://registry.npmjs.org/@types/mocha/-/mocha-10.0.7.tgz",
            "integrity": "sha512-GN8yJ1mNTcFcah/wKEFIJckJx9iJLoMSzWcfRRuxz/Jk+U6KQNnml+etbtxFK8lPjzOw3zp4Ha/kjSst9fsHYw==",
            "dev": true
        },
        "@types/node": {
            "version": "20.14.2",
            "resolved": "https://registry.npmjs.org/@types/node/-/node-20.14.2.tgz",
            "integrity": "sha512-xyu6WAMVwv6AKFLB+e/7ySZVr/0zLCzOa7rSpq6jNwpqOrUbcACDWC+53d4n2QHOnDou0fbIsg8wZu/sxrnI4Q==",
            "dev": true,
            "requires": {
                "undici-types": "~5.26.4"
            }
        },
        "typescript": {
            "version": "5.4.5",
            "resolved": "https://registry.npmjs.org/typescript/-/typescript-5.4.5.tgz",
            "integrity": "sha512-vcI4UpRgg81oIRUFwR0WSIHKt11nJ7SAVlYNIu+QpqeyXP+gpQJy/Z4+F0aGxSE4MqwjyXvW/TzgkLAx2AGHwQ==",
            "dev": true
        },
        "undici-types": {
            "version": "5.26.5",
            "resolved": "https://registry.npmjs.org/undici-types/-/undici-types-5.26.5.tgz",
            "integrity": "sha512-JlCMO+ehdEIKqlFxk6IfVoAUVmgz7cU7zD/h9XZ0qzeosSHmUJVOzSQvvYSYWXkFXC+IfLKSIffhv0sVZup6pA==",
            "dev": true
        }
    }
}
