{
    "name": "kivy-vscode",
    "version": "0.5.0",
    "lockfileVersion": 1,
    "requires": true,
    "dependencies": {
        "@types/chai": {
            "version": "4.1.6",
            "resolved": "https://registry.npmjs.org/@types/chai/-/chai-4.1.6.tgz",
            "integrity": "sha512-CBk7KTZt3FhPsEkYioG6kuCIpWISw+YI8o+3op4+NXwTpvAPxE1ES8+PY8zfaK2L98b1z5oq03UHa4VYpeUxnw==",
            "dev": true
        },
        "@types/mocha": {
            "version": "5.2.5",
            "resolved": "https://registry.npmjs.org/@types/mocha/-/mocha-5.2.5.tgz",
            "integrity": "sha512-lAVp+Kj54ui/vLUFxsJTMtWvZraZxum3w3Nwkble2dNuV5VnPA+Mi2oGX9XYJAaIvZi3tn3cbjS/qcJXRb6Bww==",
            "dev": true
        },
        "@types/node": {
            "version": "10.11.4",
            "resolved": "https://registry.npmjs.org/@types/node/-/node-10.11.4.tgz",
            "integrity": "sha512-ojnbBiKkZFYRfQpmtnnWTMw+rzGp/JiystjluW9jgN3VzRwilXddJ6aGQ9V/7iuDG06SBgn7ozW9k3zcAnYjYQ==",
            "dev": true
        },
        "typescript": {
            "version": "3.1.1",
            "resolved": "https://registry.npmjs.org/typescript/-/typescript-3.1.1.tgz",
            "integrity": "sha512-Veu0w4dTc/9wlWNf2jeRInNodKlcdLgemvPsrNpfu5Pq39sgfFjvIIgTsvUHCoLBnMhPoUA+tFxsXjU6VexVRQ==",
            "dev": true
        }
    }
}
